
Microsoft Visual Studio Solution File, Format Version 12.00
# Visual Studio Version 16
VisualStudioVersion = 16.0.29411.108
MinimumVisualStudioVersion = 10.0.40219.1
Project("{FAE04EC0-301F-11D3-BF4B-00C04F79EFBC}") = "ConsoleUI", "ConsoleUI\ConsoleUI.csproj", "{208100B3-2FA4-4E38-A177-77E2F5249715}"
EndProject
Project("{FAE04EC0-301F-11D3-BF4B-00C04F79EFBC}") = "ClassDemoLibrary", "ClassDemoLibrary\ClassDemoLibrary.csproj", "{9DECD24D-B4EE-45CF-BA87-42F4F9C5871B}"
EndProject
Global
	GlobalSection(SolutionConfigurationPlatforms) = preSolution
		Debug|Any CPU = Debug|Any CPU
		Release|Any CPU = Release|Any CPU
	EndGlobalSection
	GlobalSection(ProjectConfigurationPlatforms) = postSolution
		{208100B3-2FA4-4E38-A177-77E2F5249715}.Debug|Any CPU.ActiveCfg = Debug|Any CPU
		{208100B3-2FA4-4E38-A177-77E2F5249715}.Debug|Any CPU.Build.0 = Debug|Any CPU
		{208100B3-2FA4-4E38-A177-77E2F5249715}.Release|Any CPU.ActiveCfg = Release|Any CPU
		{208100B3-2FA4-4E38-A177-77E2F5249715}.Release|Any CPU.Build.0 = Release|Any CPU
		{9DECD24D-B4EE-45CF-BA87-42F4F9C5871B}.Debug|Any CPU.ActiveCfg = Debug|Any CPU
		{9DECD24D-B4EE-45CF-BA87-42F4F9C5871B}.Debug|Any CPU.Build.0 = Debug|Any CPU
		{9DECD24D-B4EE-45CF-BA87-42F4F9C5871B}.Release|Any CPU.ActiveCfg = Release|Any CPU
		{9DECD24D-B4EE-45CF-BA87-42F4F9C5871B}.Release|Any CPU.Build.0 = Release|Any CPU
	EndGlobalSection
	GlobalSection(SolutionProperties) = preSolution
		HideSolutionNode = FALSE
	EndGlobalSection
	GlobalSection(ExtensibilityGlobals) = postSolution
		SolutionGuid = {F177C52E-5A0B-48A9-B693-D722A0F67E34}
	EndGlobalSection
EndGlobal
