
Microsoft Visual Studio Solution File, Format Version 12.00
# Visual Studio Version 16
VisualStudioVersion = 16.0.29409.12
MinimumVisualStudioVersion = 10.0.40219.1
Project("{FAE04EC0-301F-11D3-BF4B-00C04F79EFBC}") = "Employees", "Employees\Employees.csproj", "{46735B25-F47C-42B7-8910-01FA64D37095}"
EndProject
Global
	GlobalSection(SolutionConfigurationPlatforms) = preSolution
		Debug|Any CPU = Debug|Any CPU
		Release|Any CPU = Release|Any CPU
	EndGlobalSection
	GlobalSection(ProjectConfigurationPlatforms) = postSolution
		{46735B25-F47C-42B7-8910-01FA64D37095}.Debug|Any CPU.ActiveCfg = Debug|Any CPU
		{46735B25-F47C-42B7-8910-01FA64D37095}.Debug|Any CPU.Build.0 = Debug|Any CPU
		{46735B25-F47C-42B7-8910-01FA64D37095}.Release|Any CPU.ActiveCfg = Release|Any CPU
		{46735B25-F47C-42B7-8910-01FA64D37095}.Release|Any CPU.Build.0 = Release|Any CPU
	EndGlobalSection
	GlobalSection(SolutionProperties) = preSolution
		HideSolutionNode = FALSE
	EndGlobalSection
	GlobalSection(ExtensibilityGlobals) = postSolution
		SolutionGuid = {E24B16EF-7A79-4343-8518-0A24A917E197}
	EndGlobalSection
EndGlobal
